
Microsoft Visual Studio Solution File, Format Version 12.00
# Visual Studio Version 17
VisualStudioVersion = 17.6.33829.357
MinimumVisualStudioVersion = 10.0.40219.1
Project("{8BC9CEB8-8B4A-11D0-8D11-00A0C91BC942}") = "Курсовая_1", "Курсовая_1.vcxproj", "{0AC303D9-D3AA-49EB-A97C-92F76EFB2E30}"
EndProject
Global
	GlobalSection(SolutionConfigurationPlatforms) = preSolution
		Debug|x64 = Debug|x64
		Debug|x86 = Debug|x86
		Release|x64 = Release|x64
		Release|x86 = Release|x86
	EndGlobalSection
	GlobalSection(ProjectConfigurationPlatforms) = postSolution
		{0AC303D9-D3AA-49EB-A97C-92F76EFB2E30}.Debug|x64.ActiveCfg = Debug|x64
		{0AC303D9-D3AA-49EB-A97C-92F76EFB2E30}.Debug|x64.Build.0 = Debug|x64
		{0AC303D9-D3AA-49EB-A97C-92F76EFB2E30}.Debug|x86.ActiveCfg = Debug|Win32
		{0AC303D9-D3AA-49EB-A97C-92F76EFB2E30}.Debug|x86.Build.0 = Debug|Win32
		{0AC303D9-D3AA-49EB-A97C-92F76EFB2E30}.Release|x64.ActiveCfg = Release|x64
		{0AC303D9-D3AA-49EB-A97C-92F76EFB2E30}.Release|x64.Build.0 = Release|x64
		{0AC303D9-D3AA-49EB-A97C-92F76EFB2E30}.Release|x86.ActiveCfg = Release|Win32
		{0AC303D9-D3AA-49EB-A97C-92F76EFB2E30}.Release|x86.Build.0 = Release|Win32
	EndGlobalSection
	GlobalSection(SolutionProperties) = preSolution
		HideSolutionNode = FALSE
	EndGlobalSection
	GlobalSection(ExtensibilityGlobals) = postSolution
		SolutionGuid = {1470733A-B4F8-4AB9-B08B-A46E054AA08E}
	EndGlobalSection
EndGlobal
